
Microsoft Visual Studio Solution File, Format Version 12.00
# Visual Studio 2013
VisualStudioVersion = 12.0.40629.0
MinimumVisualStudioVersion = 10.0.40219.1
Project("{FAE04EC0-301F-11D3-BF4B-00C04F79EFBC}") = "Tangram_Interfaces", "Tangram_Interfaces.csproj", "{C4724649-0889-491A-BFBD-CF9BF7BA2E1E}"
EndProject
Global
	GlobalSection(SolutionConfigurationPlatforms) = preSolution
		Debug|Any CPU = Debug|Any CPU
		Release|Any CPU = Release|Any CPU
	EndGlobalSection
	GlobalSection(ProjectConfigurationPlatforms) = postSolution
		{C4724649-0889-491A-BFBD-CF9BF7BA2E1E}.Debug|Any CPU.ActiveCfg = Debug|Any CPU
		{C4724649-0889-491A-BFBD-CF9BF7BA2E1E}.Debug|Any CPU.Build.0 = Debug|Any CPU
		{C4724649-0889-491A-BFBD-CF9BF7BA2E1E}.Release|Any CPU.ActiveCfg = Release|Any CPU
		{C4724649-0889-491A-BFBD-CF9BF7BA2E1E}.Release|Any CPU.Build.0 = Release|Any CPU
	EndGlobalSection
	GlobalSection(SolutionProperties) = preSolution
		HideSolutionNode = FALSE
	EndGlobalSection
EndGlobal
